// !$*UTF8*$!
{
	archiveVersion = 1;
	classes = {
	};
	objectVersion = 46;
	objects = {

/* Begin PBXBuildFile section */
		4CF4643918F7A4440078CBC2 /* Foundation.framework in Frameworks */ = {isa = PBXBuildFile; fileRef = 4CF4643818F7A4440078CBC2 /* Foundation.framework */; };
		4CF4643B18F7A4440078CBC2 /* CoreGraphics.framework in Frameworks */ = {isa = PBXBuildFile; fileRef = 4CF4643A18F7A4440078CBC2 /* CoreGraphics.framework */; };
		4CF4643D18F7A4440078CBC2 /* UIKit.framework in Frameworks */ = {isa = PBXBuildFile; fileRef = 4CF4643C18F7A4440078CBC2 /* UIKit.framework */; };
		4CF4644318F7A4440078CBC2 /* InfoPlist.strings in Resources */ = {isa = PBXBuildFile; fileRef = 4CF4644118F7A4440078CBC2 /* InfoPlist.strings */; };
		4CF4644518F7A4440078CBC2 /* main.m in Sources */ = {isa = PBXBuildFile; fileRef = 4CF4644418F7A4440078CBC2 /* main.m */; };
		4CF4644918F7A4440078CBC2 /* AppDelegate.m in Sources */ = {isa = PBXBuildFile; fileRef = 4CF4644818F7A4440078CBC2 /* AppDelegate.m */; };
		4CF4644C18F7A4440078CBC2 /* Main_iPhone.storyboard in Resources */ = {isa = PBXBuildFile; fileRef = 4CF4644A18F7A4440078CBC2 /* Main_iPhone.storyboard */; };
		4CF4644F18F7A4440078CBC2 /* Main_iPad.storyboard in Resources */ = {isa = PBXBuildFile; fileRef = 4CF4644D18F7A4440078CBC2 /* Main_iPad.storyboard */; };
		4CF4645218F7A4440078CBC2 /* ViewController.m in Sources */ = {isa = PBXBuildFile; fileRef = 4CF4645118F7A4440078CBC2 /* ViewController.m */; };
		4CF4645418F7A4440078CBC2 /* Images.xcassets in Resources */ = {isa = PBXBuildFile; fileRef = 4CF4645318F7A4440078CBC2 /* Images.xcassets */; };
		4CF4645B18F7A4440078CBC2 /* XCTest.framework in Frameworks */ = {isa = PBXBuildFile; fileRef = 4CF4645A18F7A4440078CBC2 /* XCTest.framework */; };
		4CF4645C18F7A4440078CBC2 /* Foundation.framework in Frameworks */ = {isa = PBXBuildFile; fileRef = 4CF4643818F7A4440078CBC2 /* Foundation.framework */; };
		4CF4645D18F7A4440078CBC2 /* UIKit.framework in Frameworks */ = {isa = PBXBuildFile; fileRef = 4CF4643C18F7A4440078CBC2 /* UIKit.framework */; };
		4CF4646518F7A4440078CBC2 /* InfoPlist.strings in Resources */ = {isa = PBXBuildFile; fileRef = 4CF4646318F7A4440078CBC2 /* InfoPlist.strings */; };
		4CF4646718F7A4440078CBC2 /* OverlapVideosTests.m in Sources */ = {isa = PBXBuildFile; fileRef = 4CF4646618F7A4440078CBC2 /* OverlapVideosTests.m */; };
		4CF4647418F7A6B80078CBC2 /* AVFoundation.framework in Frameworks */ = {isa = PBXBuildFile; fileRef = 4CF4647318F7A6B80078CBC2 /* AVFoundation.framework */; };
		4CF4647C18F7C0470078CBC2 /* sampleVideo.mp4 in Resources */ = {isa = PBXBuildFile; fileRef = 4CF4647B18F7C0470078CBC2 /* sampleVideo.mp4 */; };
/* End PBXBuildFile section */

/* Begin PBXContainerItemProxy section */
		4CF4645E18F7A4440078CBC2 /* PBXContainerItemProxy */ = {
			isa = PBXContainerItemProxy;
			containerPortal = 4CF4642D18F7A4440078CBC2 /* Project object */;
			proxyType = 1;
			remoteGlobalIDString = 4CF4643418F7A4440078CBC2;
			remoteInfo = OverlapVideos;
		};
/* End PBXContainerItemProxy section */

/* Begin PBXFileReference section */
		4CF4643518F7A4440078CBC2 /* OverlapVideos.app */ = {isa = PBXFileReference; explicitFileType = wrapper.application; includeInIndex = 0; path = OverlapVideos.app; sourceTree = BUILT_PRODUCTS_DIR; };
		4CF4643818F7A4440078CBC2 /* Foundation.framework */ = {isa = PBXFileReference; lastKnownFileType = wrapper.framework; name = Foundation.framework; path = System/Library/Frameworks/Foundation.framework; sourceTree = SDKROOT; };
		4CF4643A18F7A4440078CBC2 /* CoreGraphics.framework */ = {isa = PBXFileReference; lastKnownFileType = wrapper.framework; name = CoreGraphics.framework; path = System/Library/Frameworks/CoreGraphics.framework; sourceTree = SDKROOT; };
		4CF4643C18F7A4440078CBC2 /* UIKit.framework */ = {isa = PBXFileReference; lastKnownFileType = wrapper.framework; name = UIKit.framework; path = System/Library/Frameworks/UIKit.framework; sourceTree = SDKROOT; };
		4CF4644018F7A4440078CBC2 /* OverlapVideos-Info.plist */ = {isa = PBXFileReference; lastKnownFileType = text.plist.xml; path = "OverlapVideos-Info.plist"; sourceTree = "<group>"; };
		4CF4644218F7A4440078CBC2 /* en */ = {isa = PBXFileReference; lastKnownFileType = text.plist.strings; name = en; path = en.lproj/InfoPlist.strings; sourceTree = "<group>"; };
		4CF4644418F7A4440078CBC2 /* main.m */ = {isa = PBXFileReference; lastKnownFileType = sourcecode.c.objc; path = main.m; sourceTree = "<group>"; };
		4CF4644618F7A4440078CBC2 /* OverlapVideos-Prefix.pch */ = {isa = PBXFileReference; lastKnownFileType = sourcecode.c.h; path = "OverlapVideos-Prefix.pch"; sourceTree = "<group>"; };
		4CF4644718F7A4440078CBC2 /* AppDelegate.h */ = {isa = PBXFileReference; lastKnownFileType = sourcecode.c.h; path = AppDelegate.h; sourceTree = "<group>"; };
		4CF4644818F7A4440078CBC2 /* AppDelegate.m */ = {isa = PBXFileReference; lastKnownFileType = sourcecode.c.objc; path = AppDelegate.m; sourceTree = "<group>"; };
		4CF4644B18F7A4440078CBC2 /* Base */ = {isa = PBXFileReference; lastKnownFileType = file.storyboard; name = Base; path = Base.lproj/Main_iPhone.storyboard; sourceTree = "<group>"; };
		4CF4644E18F7A4440078CBC2 /* Base */ = {isa = PBXFileReference; lastKnownFileType = file.storyboard; name = Base; path = Base.lproj/Main_iPad.storyboard; sourceTree = "<group>"; };
		4CF4645018F7A4440078CBC2 /* ViewController.h */ = {isa = PBXFileReference; lastKnownFileType = sourcecode.c.h; path = ViewController.h; sourceTree = "<group>"; };
		4CF4645118F7A4440078CBC2 /* ViewController.m */ = {isa = PBXFileReference; lastKnownFileType = sourcecode.c.objc; path = ViewController.m; sourceTree = "<group>"; };
		4CF4645318F7A4440078CBC2 /* Images.xcassets */ = {isa = PBXFileReference; lastKnownFileType = folder.assetcatalog; path = Images.xcassets; sourceTree = "<group>"; };
		4CF4645918F7A4440078CBC2 /* OverlapVideosTests.xctest */ = {isa = PBXFileReference; explicitFileType = wrapper.cfbundle; includeInIndex = 0; path = OverlapVideosTests.xctest; sourceTree = BUILT_PRODUCTS_DIR; };
		4CF4645A18F7A4440078CBC2 /* XCTest.framework */ = {isa = PBXFileReference; lastKnownFileType = wrapper.framework; name = XCTest.framework; path = Library/Frameworks/XCTest.framework; sourceTree = DEVELOPER_DIR; };
		4CF4646218F7A4440078CBC2 /* OverlapVideosTests-Info.plist */ = {isa = PBXFileReference; lastKnownFileType = text.plist.xml; path = "OverlapVideosTests-Info.plist"; sourceTree = "<group>"; };
		4CF4646418F7A4440078CBC2 /* en */ = {isa = PBXFileReference; lastKnownFileType = text.plist.strings; name = en; path = en.lproj/InfoPlist.strings; sourceTree = "<group>"; };
		4CF4646618F7A4440078CBC2 /* OverlapVideosTests.m */ = {isa = PBXFileReference; lastKnownFileType = sourcecode.c.objc; path = OverlapVideosTests.m; sourceTree = "<group>"; };
		4CF4647318F7A6B80078CBC2 /* AVFoundation.framework */ = {isa = PBXFileReference; lastKnownFileType = wrapper.framework; name = AVFoundation.framework; path = System/Library/Frameworks/AVFoundation.framework; sourceTree = SDKROOT; };
		4CF4647B18F7C0470078CBC2 /* sampleVideo.mp4 */ = {isa = PBXFileReference; lastKnownFileType = file; path = sampleVideo.mp4; sourceTree = "<group>"; };
/* End PBXFileReference section */

/* Begin PBXFrameworksBuildPhase section */
		4CF4643218F7A4440078CBC2 /* Frameworks */ = {
			isa = PBXFrameworksBuildPhase;
			buildActionMask = 2147483647;
			files = (
				4CF4647418F7A6B80078CBC2 /* AVFoundation.framework in Frameworks */,
				4CF4643B18F7A4440078CBC2 /* CoreGraphics.framework in Frameworks */,
				4CF4643D18F7A4440078CBC2 /* UIKit.framework in Frameworks */,
				4CF4643918F7A4440078CBC2 /* Foundation.framework in Frameworks */,
			);
			runOnlyForDeploymentPostprocessing = 0;
		};
		4CF4645618F7A4440078CBC2 /* Frameworks */ = {
			isa = PBXFrameworksBuildPhase;
			buildActionMask = 2147483647;
			files = (
				4CF4645B18F7A4440078CBC2 /* XCTest.framework in Frameworks */,
				4CF4645D18F7A4440078CBC2 /* UIKit.framework in Frameworks */,
				4CF4645C18F7A4440078CBC2 /* Foundation.framework in Frameworks */,
			);
			runOnlyForDeploymentPostprocessing = 0;
		};
/* End PBXFrameworksBuildPhase section */

/* Begin PBXGroup section */
		4CF4642C18F7A4440078CBC2 = {
			isa = PBXGroup;
			children = (
				4CF4643E18F7A4440078CBC2 /* OverlapVideos */,
				4CF4646018F7A4440078CBC2 /* OverlapVideosTests */,
				4CF4643718F7A4440078CBC2 /* Frameworks */,
				4CF4643618F7A4440078CBC2 /* Products */,
			);
			sourceTree = "<group>";
		};
		4CF4643618F7A4440078CBC2 /* Products */ = {
			isa = PBXGroup;
			children = (
				4CF4643518F7A4440078CBC2 /* OverlapVideos.app */,
				4CF4645918F7A4440078CBC2 /* OverlapVideosTests.xctest */,
			);
			name = Products;
			sourceTree = "<group>";
		};
		4CF4643718F7A4440078CBC2 /* Frameworks */ = {
			isa = PBXGroup;
			children = (
				4CF4647318F7A6B80078CBC2 /* AVFoundation.framework */,
				4CF4643818F7A4440078CBC2 /* Foundation.framework */,
				4CF4643A18F7A4440078CBC2 /* CoreGraphics.framework */,
				4CF4643C18F7A4440078CBC2 /* UIKit.framework */,
				4CF4645A18F7A4440078CBC2 /* XCTest.framework */,
			);
			name = Frameworks;
			sourceTree = "<group>";
		};
		4CF4643E18F7A4440078CBC2 /* OverlapVideos */ = {
			isa = PBXGroup;
			children = (
				4CF4647018F7A4FC0078CBC2 /* Video */,
				4CF4644718F7A4440078CBC2 /* AppDelegate.h */,
				4CF4644818F7A4440078CBC2 /* AppDelegate.m */,
				4CF4644A18F7A4440078CBC2 /* Main_iPhone.storyboard */,
				4CF4644D18F7A4440078CBC2 /* Main_iPad.storyboard */,
				4CF4645018F7A4440078CBC2 /* ViewController.h */,
				4CF4645118F7A4440078CBC2 /* ViewController.m */,
				4CF4645318F7A4440078CBC2 /* Images.xcassets */,
				4CF4643F18F7A4440078CBC2 /* Supporting Files */,
			);
			path = OverlapVideos;
			sourceTree = "<group>";
		};
		4CF4643F18F7A4440078CBC2 /* Supporting Files */ = {
			isa = PBXGroup;
			children = (
				4CF4644018F7A4440078CBC2 /* OverlapVideos-Info.plist */,
				4CF4644118F7A4440078CBC2 /* InfoPlist.strings */,
				4CF4644418F7A4440078CBC2 /* main.m */,
				4CF4644618F7A4440078CBC2 /* OverlapVideos-Prefix.pch */,
			);
			name = "Supporting Files";
			sourceTree = "<group>";
		};
		4CF4646018F7A4440078CBC2 /* OverlapVideosTests */ = {
			isa = PBXGroup;
			children = (
				4CF4646618F7A4440078CBC2 /* OverlapVideosTests.m */,
				4CF4646118F7A4440078CBC2 /* Supporting Files */,
			);
			path = OverlapVideosTests;
			sourceTree = "<group>";
		};
		4CF4646118F7A4440078CBC2 /* Supporting Files */ = {
			isa = PBXGroup;
			children = (
				4CF4646218F7A4440078CBC2 /* OverlapVideosTests-Info.plist */,
				4CF4646318F7A4440078CBC2 /* InfoPlist.strings */,
			);
			name = "Supporting Files";
			sourceTree = "<group>";
		};
		4CF4647018F7A4FC0078CBC2 /* Video */ = {
			isa = PBXGroup;
			children = (
				4CF4647B18F7C0470078CBC2 /* sampleVideo.mp4 */,
			);
			path = Video;
			sourceTree = "<group>";
		};
/* End PBXGroup section */

/* Begin PBXNativeTarget section */
		4CF4643418F7A4440078CBC2 /* OverlapVideos */ = {
			isa = PBXNativeTarget;
			buildConfigurationList = 4CF4646A18F7A4440078CBC2 /* Build configuration list for PBXNativeTarget "OverlapVideos" */;
			buildPhases = (
				4CF4643118F7A4440078CBC2 /* Sources */,
				4CF4643218F7A4440078CBC2 /* Frameworks */,
				4CF4643318F7A4440078CBC2 /* Resources */,
			);
			buildRules = (
			);
			dependencies = (
			);
			name = OverlapVideos;
			productName = OverlapVideos;
			productReference = 4CF4643518F7A4440078CBC2 /* OverlapVideos.app */;
			productType = "com.apple.product-type.application";
		};
		4CF4645818F7A4440078CBC2 /* OverlapVideosTests */ = {
			isa = PBXNativeTarget;
			buildConfigurationList = 4CF4646D18F7A4440078CBC2 /* Build configuration list for PBXNativeTarget "OverlapVideosTests" */;
			buildPhases = (
				4CF4645518F7A4440078CBC2 /* Sources */,
				4CF4645618F7A4440078CBC2 /* Frameworks */,
				4CF4645718F7A4440078CBC2 /* Resources */,
			);
			buildRules = (
			);
			dependencies = (
				4CF4645F18F7A4440078CBC2 /* PBXTargetDependency */,
			);
			name = OverlapVideosTests;
			productName = OverlapVideosTests;
			productReference = 4CF4645918F7A4440078CBC2 /* OverlapVideosTests.xctest */;
			productType = "com.apple.product-type.bundle.unit-test";
		};
/* End PBXNativeTarget section */

/* Begin PBXProject section */
		4CF4642D18F7A4440078CBC2 /* Project object */ = {
			isa = PBXProject;
			attributes = {
				LastUpgradeCheck = 0510;
				ORGANIZATIONNAME = TheAppGuruz;
				TargetAttributes = {
					4CF4645818F7A4440078CBC2 = {
						TestTargetID = 4CF4643418F7A4440078CBC2;
					};
				};
			};
			buildConfigurationList = 4CF4643018F7A4440078CBC2 /* Build configuration list for PBXProject "OverlapVideos" */;
			compatibilityVersion = "Xcode 3.2";
			developmentRegion = English;
			hasScannedForEncodings = 0;
			knownRegions = (
				en,
				Base,
			);
			mainGroup = 4CF4642C18F7A4440078CBC2;
			productRefGroup = 4CF4643618F7A4440078CBC2 /* Products */;
			projectDirPath = "";
			projectRoot = "";
			targets = (
				4CF4643418F7A4440078CBC2 /* OverlapVideos */,
				4CF4645818F7A4440078CBC2 /* OverlapVideosTests */,
			);
		};
/* End PBXProject section */

/* Begin PBXResourcesBuildPhase section */
		4CF4643318F7A4440078CBC2 /* Resources */ = {
			isa = PBXResourcesBuildPhase;
			buildActionMask = 2147483647;
			files = (
				4CF4644F18F7A4440078CBC2 /* Main_iPad.storyboard in Resources */,
				4CF4645418F7A4440078CBC2 /* Images.xcassets in Resources */,
				4CF4644C18F7A4440078CBC2 /* Main_iPhone.storyboard in Resources */,
				4CF4647C18F7C0470078CBC2 /* sampleVideo.mp4 in Resources */,
				4CF4644318F7A4440078CBC2 /* InfoPlist.strings in Resources */,
			);
			runOnlyForDeploymentPostprocessing = 0;
		};
		4CF4645718F7A4440078CBC2 /* Resources */ = {
			isa = PBXResourcesBuildPhase;
			buildActionMask = 2147483647;
			files = (
				4CF4646518F7A4440078CBC2 /* InfoPlist.strings in Resources */,
			);
			runOnlyForDeploymentPostprocessing = 0;
		};
/* End PBXResourcesBuildPhase section */

/* Begin PBXSourcesBuildPhase section */
		4CF4643118F7A4440078CBC2 /* Sources */ = {
			isa = PBXSourcesBuildPhase;
			buildActionMask = 2147483647;
			files = (
				4CF4645218F7A4440078CBC2 /* ViewController.m in Sources */,
				4CF4644918F7A4440078CBC2 /* AppDelegate.m in Sources */,
				4CF4644518F7A4440078CBC2 /* main.m in Sources */,
			);
			runOnlyForDeploymentPostprocessing = 0;
		};
		4CF4645518F7A4440078CBC2 /* Sources */ = {
			isa = PBXSourcesBuildPhase;
			buildActionMask = 2147483647;
			files = (
				4CF4646718F7A4440078CBC2 /* OverlapVideosTests.m in Sources */,
			);
			runOnlyForDeploymentPostprocessing = 0;
		};
/* End PBXSourcesBuildPhase section */

/* Begin PBXTargetDependency section */
		4CF4645F18F7A4440078CBC2 /* PBXTargetDependency */ = {
			isa = PBXTargetDependency;
			target = 4CF4643418F7A4440078CBC2 /* OverlapVideos */;
			targetProxy = 4CF4645E18F7A4440078CBC2 /* PBXContainerItemProxy */;
		};
/* End PBXTargetDependency section */

/* Begin PBXVariantGroup section */
		4CF4644118F7A4440078CBC2 /* InfoPlist.strings */ = {
			isa = PBXVariantGroup;
			children = (
				4CF4644218F7A4440078CBC2 /* en */,
			);
			name = InfoPlist.strings;
			sourceTree = "<group>";
		};
		4CF4644A18F7A4440078CBC2 /* Main_iPhone.storyboard */ = {
			isa = PBXVariantGroup;
			children = (
				4CF4644B18F7A4440078CBC2 /* Base */,
			);
			name = Main_iPhone.storyboard;
			sourceTree = "<group>";
		};
		4CF4644D18F7A4440078CBC2 /* Main_iPad.storyboard */ = {
			isa = PBXVariantGroup;
			children = (
				4CF4644E18F7A4440078CBC2 /* Base */,
			);
			name = Main_iPad.storyboard;
			sourceTree = "<group>";
		};
		4CF4646318F7A4440078CBC2 /* InfoPlist.strings */ = {
			isa = PBXVariantGroup;
			children = (
				4CF4646418F7A4440078CBC2 /* en */,
			);
			name = InfoPlist.strings;
			sourceTree = "<group>";
		};
/* End PBXVariantGroup section */

/* Begin XCBuildConfiguration section */
		4CF4646818F7A4440078CBC2 /* Debug */ = {
			isa = XCBuildConfiguration;
			buildSettings = {
				ALWAYS_SEARCH_USER_PATHS = NO;
				CLANG_CXX_LANGUAGE_STANDARD = "gnu++0x";
				CLANG_CXX_LIBRARY = "libc++";
				CLANG_ENABLE_MODULES = YES;
				CLANG_ENABLE_OBJC_ARC = YES;
				CLANG_WARN_BOOL_CONVERSION = YES;
				CLANG_WARN_CONSTANT_CONVERSION = YES;
				CLANG_WARN_DIRECT_OBJC_ISA_USAGE = YES_ERROR;
				CLANG_WARN_EMPTY_BODY = YES;
				CLANG_WARN_ENUM_CONVERSION = YES;
				CLANG_WARN_INT_CONVERSION = YES;
				CLANG_WARN_OBJC_ROOT_CLASS = YES_ERROR;
				CLANG_WARN__DUPLICATE_METHOD_MATCH = YES;
				"CODE_SIGN_IDENTITY[sdk=iphoneos*]" = "iPhone Developer";
				COPY_PHASE_STRIP = NO;
				GCC_C_LANGUAGE_STANDARD = gnu99;
				GCC_DYNAMIC_NO_PIC = NO;
				GCC_OPTIMIZATION_LEVEL = 0;
				GCC_PREPROCESSOR_DEFINITIONS = (
					"DEBUG=1",
					"$(inherited)",
				);
				GCC_SYMBOLS_PRIVATE_EXTERN = NO;
				GCC_WARN_64_TO_32_BIT_CONVERSION = YES;
				GCC_WARN_ABOUT_RETURN_TYPE = YES_ERROR;
				GCC_WARN_UNDECLARED_SELECTOR = YES;
				GCC_WARN_UNINITIALIZED_AUTOS = YES_AGGRESSIVE;
				GCC_WARN_UNUSED_FUNCTION = YES;
				GCC_WARN_UNUSED_VARIABLE = YES;
				IPHONEOS_DEPLOYMENT_TARGET = 7.1;
				ONLY_ACTIVE_ARCH = YES;
				SDKROOT = iphoneos;
				TARGETED_DEVICE_FAMILY = "1,2";
			};
			name = Debug;
		};
		4CF4646918F7A4440078CBC2 /* Release */ = {
			isa = XCBuildConfiguration;
			buildSettings = {
				ALWAYS_SEARCH_USER_PATHS = NO;
				CLANG_CXX_LANGUAGE_STANDARD = "gnu++0x";
				CLANG_CXX_LIBRARY = "libc++";
				CLANG_ENABLE_MODULES = YES;
				CLANG_ENABLE_OBJC_ARC = YES;
				CLANG_WARN_BOOL_CONVERSION = YES;
				CLANG_WARN_CONSTANT_CONVERSION = YES;
				CLANG_WARN_DIRECT_OBJC_ISA_USAGE = YES_ERROR;
				CLANG_WARN_EMPTY_BODY = YES;
				CLANG_WARN_ENUM_CONVERSION = YES;
				CLANG_WARN_INT_CONVERSION = YES;
				CLANG_WARN_OBJC_ROOT_CLASS = YES_ERROR;
				CLANG_WARN__DUPLICATE_METHOD_MATCH = YES;
				"CODE_SIGN_IDENTITY[sdk=iphoneos*]" = "iPhone Developer";
				COPY_PHASE_STRIP = YES;
				ENABLE_NS_ASSERTIONS = NO;
				GCC_C_LANGUAGE_STANDARD = gnu99;
				GCC_WARN_64_TO_32_BIT_CONVERSION = YES;
				GCC_WARN_ABOUT_RETURN_TYPE = YES_ERROR;
				GCC_WARN_UNDECLARED_SELECTOR = YES;
				GCC_WARN_UNINITIALIZED_AUTOS = YES_AGGRESSIVE;
				GCC_WARN_UNUSED_FUNCTION = YES;
				GCC_WARN_UNUSED_VARIABLE = YES;
				IPHONEOS_DEPLOYMENT_TARGET = 7.1;
				SDKROOT = iphoneos;
				TARGETED_DEVICE_FAMILY = "1,2";
				VALIDATE_PRODUCT = YES;
			};
			name = Release;
		};
		4CF4646B18F7A4440078CBC2 /* Debug */ = {
			isa = XCBuildConfiguration;
			buildSettings = {
				ASSETCATALOG_COMPILER_APPICON_NAME = AppIcon;
				ASSETCATALOG_COMPILER_LAUNCHIMAGE_NAME = LaunchImage;
				GCC_PRECOMPILE_PREFIX_HEADER = YES;
				GCC_PREFIX_HEADER = "OverlapVideos/OverlapVideos-Prefix.pch";
				INFOPLIST_FILE = "OverlapVideos/OverlapVideos-Info.plist";
				PRODUCT_NAME = "$(TARGET_NAME)";
				WRAPPER_EXTENSION = app;
			};
			name = Debug;
		};
		4CF4646C18F7A4440078CBC2 /* Release */ = {
			isa = XCBuildConfiguration;
			buildSettings = {
				ASSETCATALOG_COMPILER_APPICON_NAME = AppIcon;
				ASSETCATALOG_COMPILER_LAUNCHIMAGE_NAME = LaunchImage;
				GCC_PRECOMPILE_PREFIX_HEADER = YES;
				GCC_PREFIX_HEADER = "OverlapVideos/OverlapVideos-Prefix.pch";
				INFOPLIST_FILE = "OverlapVideos/OverlapVideos-Info.plist";
				PRODUCT_NAME = "$(TARGET_NAME)";
				WRAPPER_EXTENSION = app;
			};
			name = Release;
		};
		4CF4646E18F7A4440078CBC2 /* Debug */ = {
			isa = XCBuildConfiguration;
			buildSettings = {
				BUNDLE_LOADER = "$(BUILT_PRODUCTS_DIR)/OverlapVideos.app/OverlapVideos";
				FRAMEWORK_SEARCH_PATHS = (
					"$(SDKROOT)/Developer/Library/Frameworks",
					"$(inherited)",
					"$(DEVELOPER_FRAMEWORKS_DIR)",
				);
				GCC_PRECOMPILE_PREFIX_HEADER = YES;
				GCC_PREFIX_HEADER = "OverlapVideos/OverlapVideos-Prefix.pch";
				GCC_PREPROCESSOR_DEFINITIONS = (
					"DEBUG=1",
					"$(inherited)",
				);
				INFOPLIST_FILE = "OverlapVideosTests/OverlapVideosTests-Info.plist";
				PRODUCT_NAME = "$(TARGET_NAME)";
				TEST_HOST = "$(BUNDLE_LOADER)";
				WRAPPER_EXTENSION = xctest;
			};
			name = Debug;
		};
		4CF4646F18F7A4440078CBC2 /* Release */ = {
			isa = XCBuildConfiguration;
			buildSettings = {
				BUNDLE_LOADER = "$(BUILT_PRODUCTS_DIR)/OverlapVideos.app/OverlapVideos";
				FRAMEWORK_SEARCH_PATHS = (
					"$(SDKROOT)/Developer/Library/Frameworks",
					"$(inherited)",
					"$(DEVELOPER_FRAMEWORKS_DIR)",
				);
				GCC_PRECOMPILE_PREFIX_HEADER = YES;
				GCC_PREFIX_HEADER = "OverlapVideos/OverlapVideos-Prefix.pch";
				INFOPLIST_FILE = "OverlapVideosTests/OverlapVideosTests-Info.plist";
				PRODUCT_NAME = "$(TARGET_NAME)";
				TEST_HOST = "$(BUNDLE_LOADER)";
				WRAPPER_EXTENSION = xctest;
			};
			name = Release;
		};
/* End XCBuildConfiguration section */

/* Begin XCConfigurationList section */
		4CF4643018F7A4440078CBC2 /* Build configuration list for PBXProject "OverlapVideos" */ = {
			isa = XCConfigurationList;
			buildConfigurations = (
				4CF4646818F7A4440078CBC2 /* Debug */,
				4CF4646918F7A4440078CBC2 /* Release */,
			);
			defaultConfigurationIsVisible = 0;
			defaultConfigurationName = Release;
		};
		4CF4646A18F7A4440078CBC2 /* Build configuration list for PBXNativeTarget "OverlapVideos" */ = {
			isa = XCConfigurationList;
			buildConfigurations = (
				4CF4646B18F7A4440078CBC2 /* Debug */,
				4CF4646C18F7A4440078CBC2 /* Release */,
			);
			defaultConfigurationIsVisible = 0;
		};
		4CF4646D18F7A4440078CBC2 /* Build configuration list for PBXNativeTarget "OverlapVideosTests" */ = {
			isa = XCConfigurationList;
			buildConfigurations = (
				4CF4646E18F7A4440078CBC2 /* Debug */,
				4CF4646F18F7A4440078CBC2 /* Release */,
			);
			defaultConfigurationIsVisible = 0;
		};
/* End XCConfigurationList section */
	};
	rootObject = 4CF4642D18F7A4440078CBC2 /* Project object */;
}
